
Microsoft Visual Studio Solution File, Format Version 12.00
# Visual Studio Version 16
VisualStudioVersion = 16.0.33529.622
MinimumVisualStudioVersion = 10.0.40219.1
Project("{FAE04EC0-301F-11D3-BF4B-00C04F79EFBC}") = "StokKayit-W12", "StokKayit-W12\StokKayit-W12.csproj", "{D4D68807-729F-458E-8151-0AC4282D8462}"
EndProject
Global
	GlobalSection(SolutionConfigurationPlatforms) = preSolution
		Debug|Any CPU = Debug|Any CPU
		Release|Any CPU = Release|Any CPU
	EndGlobalSection
	GlobalSection(ProjectConfigurationPlatforms) = postSolution
		{D4D68807-729F-458E-8151-0AC4282D8462}.Debug|Any CPU.ActiveCfg = Debug|Any CPU
		{D4D68807-729F-458E-8151-0AC4282D8462}.Debug|Any CPU.Build.0 = Debug|Any CPU
		{D4D68807-729F-458E-8151-0AC4282D8462}.Release|Any CPU.ActiveCfg = Release|Any CPU
		{D4D68807-729F-458E-8151-0AC4282D8462}.Release|Any CPU.Build.0 = Release|Any CPU
	EndGlobalSection
	GlobalSection(SolutionProperties) = preSolution
		HideSolutionNode = FALSE
	EndGlobalSection
	GlobalSection(ExtensibilityGlobals) = postSolution
		SolutionGuid = {A07B0DE7-B0D7-4726-8CA2-C3DCEBFAE25D}
	EndGlobalSection
EndGlobal
